{
  "name": "npm-7-ws-audit-issue",
  "version": "1.0.0",
  "lockfileVersion": 2,
  "requires": true,
  "packages": {
    "": {
      "version": "1.0.0",
      "license": "ISC",
      "workspaces": [
        "packages/*"
      ]
    },
    "node_modules/some-cli-package-name": {
      "resolved": "packages/cli",
      "link": true
    },
    "packages/cli": {
      "name": "some-cli-package-name",
      "version": "0.0.1",
      "license": "ISC"
    }
  },
  "dependencies": {
    "some-cli-package-name": {
      "version": "file:packages/cli"
    }
  }
}
